
Microsoft Visual Studio Solution File, Format Version 12.00
# Visual Studio Version 17
VisualStudioVersion = 17.10.35122.118
MinimumVisualStudioVersion = 10.0.40219.1
Project("{FAE04EC0-301F-11D3-BF4B-00C04F79EFBC}") = "LeaveManagementSystem.Web", "LeaveManagementSystem.Web\LeaveManagementSystem.Web.csproj", "{61423C79-2295-4C6D-B92F-E7E5560FB7EF}"
EndProject
Global
	GlobalSection(SolutionConfigurationPlatforms) = preSolution
		Debug|Any CPU = Debug|Any CPU
		Release|Any CPU = Release|Any CPU
	EndGlobalSection
	GlobalSection(ProjectConfigurationPlatforms) = postSolution
		{61423C79-2295-4C6D-B92F-E7E5560FB7EF}.Debug|Any CPU.ActiveCfg = Debug|Any CPU
		{61423C79-2295-4C6D-B92F-E7E5560FB7EF}.Debug|Any CPU.Build.0 = Debug|Any CPU
		{61423C79-2295-4C6D-B92F-E7E5560FB7EF}.Release|Any CPU.ActiveCfg = Release|Any CPU
		{61423C79-2295-4C6D-B92F-E7E5560FB7EF}.Release|Any CPU.Build.0 = Release|Any CPU
	EndGlobalSection
	GlobalSection(SolutionProperties) = preSolution
		HideSolutionNode = FALSE
	EndGlobalSection
	GlobalSection(ExtensibilityGlobals) = postSolution
		SolutionGuid = {E8B37B26-487A-4B16-829E-A7E937B53579}
	EndGlobalSection
EndGlobal
